
Microsoft Visual Studio Solution File, Format Version 12.00
# Visual Studio 15
VisualStudioVersion = 15.0.26124.0
MinimumVisualStudioVersion = 15.0.26124.0
Project("{2150E333-8FDC-42A3-9474-1A3956D46DE8}") = "DIKUArcade", "DIKUArcade", "{B52F345E-FFAE-48E8-89E4-D980C4494EE2}"
EndProject
Project("{FAE04EC0-301F-11D3-BF4B-00C04F79EFBC}") = "DIKUArcade", "DIKUArcade\DIKUArcade\DIKUArcade.csproj", "{29B627C7-FE7D-427F-9CE5-945600578D9E}"
EndProject
Project("{FAE04EC0-301F-11D3-BF4B-00C04F79EFBC}") = "Space-Taxi-1", "Space-Taxi-1\Space-Taxi-1.csproj", "{7AD50C88-AC5D-4709-B915-D24FEE1C8EFF}"
EndProject
Global
	GlobalSection(SolutionConfigurationPlatforms) = preSolution
		Debug|Any CPU = Debug|Any CPU
		Debug|x64 = Debug|x64
		Debug|x86 = Debug|x86
		Release|Any CPU = Release|Any CPU
		Release|x64 = Release|x64
		Release|x86 = Release|x86
	EndGlobalSection
	GlobalSection(SolutionProperties) = preSolution
		HideSolutionNode = FALSE
	EndGlobalSection
	GlobalSection(ProjectConfigurationPlatforms) = postSolution
		{29B627C7-FE7D-427F-9CE5-945600578D9E}.Debug|Any CPU.ActiveCfg = Debug|Any CPU
		{29B627C7-FE7D-427F-9CE5-945600578D9E}.Debug|Any CPU.Build.0 = Debug|Any CPU
		{29B627C7-FE7D-427F-9CE5-945600578D9E}.Debug|x64.ActiveCfg = Debug|Any CPU
		{29B627C7-FE7D-427F-9CE5-945600578D9E}.Debug|x64.Build.0 = Debug|Any CPU
		{29B627C7-FE7D-427F-9CE5-945600578D9E}.Debug|x86.ActiveCfg = Debug|Any CPU
		{29B627C7-FE7D-427F-9CE5-945600578D9E}.Debug|x86.Build.0 = Debug|Any CPU
		{29B627C7-FE7D-427F-9CE5-945600578D9E}.Release|Any CPU.ActiveCfg = Release|Any CPU
		{29B627C7-FE7D-427F-9CE5-945600578D9E}.Release|Any CPU.Build.0 = Release|Any CPU
		{29B627C7-FE7D-427F-9CE5-945600578D9E}.Release|x64.ActiveCfg = Release|Any CPU
		{29B627C7-FE7D-427F-9CE5-945600578D9E}.Release|x64.Build.0 = Release|Any CPU
		{29B627C7-FE7D-427F-9CE5-945600578D9E}.Release|x86.ActiveCfg = Release|Any CPU
		{29B627C7-FE7D-427F-9CE5-945600578D9E}.Release|x86.Build.0 = Release|Any CPU
		{7AD50C88-AC5D-4709-B915-D24FEE1C8EFF}.Debug|Any CPU.ActiveCfg = Debug|Any CPU
		{7AD50C88-AC5D-4709-B915-D24FEE1C8EFF}.Debug|Any CPU.Build.0 = Debug|Any CPU
		{7AD50C88-AC5D-4709-B915-D24FEE1C8EFF}.Debug|x64.ActiveCfg = Debug|Any CPU
		{7AD50C88-AC5D-4709-B915-D24FEE1C8EFF}.Debug|x64.Build.0 = Debug|Any CPU
		{7AD50C88-AC5D-4709-B915-D24FEE1C8EFF}.Debug|x86.ActiveCfg = Debug|Any CPU
		{7AD50C88-AC5D-4709-B915-D24FEE1C8EFF}.Debug|x86.Build.0 = Debug|Any CPU
		{7AD50C88-AC5D-4709-B915-D24FEE1C8EFF}.Release|Any CPU.ActiveCfg = Release|Any CPU
		{7AD50C88-AC5D-4709-B915-D24FEE1C8EFF}.Release|Any CPU.Build.0 = Release|Any CPU
		{7AD50C88-AC5D-4709-B915-D24FEE1C8EFF}.Release|x64.ActiveCfg = Release|Any CPU
		{7AD50C88-AC5D-4709-B915-D24FEE1C8EFF}.Release|x64.Build.0 = Release|Any CPU
		{7AD50C88-AC5D-4709-B915-D24FEE1C8EFF}.Release|x86.ActiveCfg = Release|Any CPU
		{7AD50C88-AC5D-4709-B915-D24FEE1C8EFF}.Release|x86.Build.0 = Release|Any CPU
	EndGlobalSection
	GlobalSection(NestedProjects) = preSolution
		{29B627C7-FE7D-427F-9CE5-945600578D9E} = {B52F345E-FFAE-48E8-89E4-D980C4494EE2}
	EndGlobalSection
EndGlobal
